dependencies:
- name: zookeeper
  repository: https://kubernetes-charts-incubator.storage.googleapis.com/
  version: 1.2.0
- name: mysql
  repository: https://kubernetes-charts.storage.googleapis.com/
  version: 0.10.2
- name: cp-helm-charts
  repository: https://confluentinc.github.io/cp-helm-charts/
  version: 0.4.0
digest: sha256:f4b7cb660be56aff711f79cfebd11bc8bea4464a81613ce31a333ea48094bb1a
generated: "2020-03-06T12:48:24.670703-04:00"
